// !$*UTF8*$!
{
	archiveVersion = 1;
	classes = {
	};
	objectVersion = 46;
	objects = {

/* Begin PBXBuildFile section */
		83480A9A1EAEA495004392EF /* HotelsViewController.m in Sources */ = {isa = PBXBuildFile; fileRef = 83480A991EAEA495004392EF /* HotelsViewController.m */; };
		83480AA81EAEAC1A004392EF /* main.m in Sources */ = {isa = PBXBuildFile; fileRef = 83480AA71EAEAC1A004392EF /* main.m */; };
		8368FF6C1EAEA2090019509C /* AutoLayout.m in Sources */ = {isa = PBXBuildFile; fileRef = 8368FF6B1EAEA2090019509C /* AutoLayout.m */; };
		83918AA21EAFBC7500593150 /* DatePickerViewController.m in Sources */ = {isa = PBXBuildFile; fileRef = 83918AA11EAFBC7500593150 /* DatePickerViewController.m */; };
		83918AA51EAFCF9B00593150 /* AvailabilityViewController.m in Sources */ = {isa = PBXBuildFile; fileRef = 83918AA41EAFCF9B00593150 /* AvailabilityViewController.m */; };
		83918AA81EAFF7FA00593150 /* BookViewController.m in Sources */ = {isa = PBXBuildFile; fileRef = 83918AA71EAFF7FA00593150 /* BookViewController.m */; };
		83918AB81EB1146000593150 /* AutoLayoutTest.m in Sources */ = {isa = PBXBuildFile; fileRef = 83918AB71EB1146000593150 /* AutoLayoutTest.m */; };
		83C2A9E41EAE5ED500CCADAF /* AppDelegate.m in Sources */ = {isa = PBXBuildFile; fileRef = 83C2A9E31EAE5ED500CCADAF /* AppDelegate.m */; };
		83C2A9E71EAE5ED600CCADAF /* ViewController.m in Sources */ = {isa = PBXBuildFile; fileRef = 83C2A9E61EAE5ED600CCADAF /* ViewController.m */; };
		83C2A9ED1EAE5ED600CCADAF /* core_data_hotel.xcdatamodeld in Sources */ = {isa = PBXBuildFile; fileRef = 83C2A9EB1EAE5ED600CCADAF /* core_data_hotel.xcdatamodeld */; };
		83C2A9EF1EAE5ED600CCADAF /* Assets.xcassets in Resources */ = {isa = PBXBuildFile; fileRef = 83C2A9EE1EAE5ED600CCADAF /* Assets.xcassets */; };
		83C2AA031EAE951B00CCADAF /* hotel.png in Resources */ = {isa = PBXBuildFile; fileRef = 83C2AA001EAE951B00CCADAF /* hotel.png */; };
		83C2AA041EAE951B00CCADAF /* hotels.json in Resources */ = {isa = PBXBuildFile; fileRef = 83C2AA011EAE951B00CCADAF /* hotels.json */; };
		83C2AA051EAE951B00CCADAF /* room.png in Resources */ = {isa = PBXBuildFile; fileRef = 83C2AA021EAE951B00CCADAF /* room.png */; };
		83DC059A1EB15C170028996F /* LookUpReservationController.m in Sources */ = {isa = PBXBuildFile; fileRef = 83DC05991EB15C170028996F /* LookUpReservationController.m */; };
		83DC3FAC1EAEC0F200A60CB2 /* RoomsViewController.m in Sources */ = {isa = PBXBuildFile; fileRef = 83DC3FAB1EAEC0F100A60CB2 /* RoomsViewController.m */; };
/* End PBXBuildFile section */

/* Begin PBXContainerItemProxy section */
		83918AB21EB111D100593150 /* PBXContainerItemProxy */ = {
			isa = PBXContainerItemProxy;
			containerPortal = 83C2A9D41EAE5ED500CCADAF /* Project object */;
			proxyType = 1;
			remoteGlobalIDString = 83C2A9DB1EAE5ED500CCADAF;
			remoteInfo = "core-data-hotel";
		};
/* End PBXContainerItemProxy section */

/* Begin PBXFileReference section */
		83480A981EAEA495004392EF /* HotelsViewController.h */ = {isa = PBXFileReference; fileEncoding = 4; lastKnownFileType = sourcecode.c.h; name = HotelsViewController.h; path = "core-data-hotel/HotelsViewController.h"; sourceTree = "<group>"; };
		83480A991EAEA495004392EF /* HotelsViewController.m */ = {isa = PBXFileReference; fileEncoding = 4; lastKnownFileType = sourcecode.c.objc; name = HotelsViewController.m; path = "core-data-hotel/HotelsViewController.m"; sourceTree = "<group>"; };
		83480AA71EAEAC1A004392EF /* main.m */ = {isa = PBXFileReference; fileEncoding = 4; lastKnownFileType = sourcecode.c.objc; path = main.m; sourceTree = "<group>"; };
		8368FF6A1EAEA2090019509C /* AutoLayout.h */ = {isa = PBXFileReference; fileEncoding = 4; lastKnownFileType = sourcecode.c.h; name = AutoLayout.h; path = "core-data-hotel/AutoLayout.h"; sourceTree = "<group>"; };
		8368FF6B1EAEA2090019509C /* AutoLayout.m */ = {isa = PBXFileReference; fileEncoding = 4; lastKnownFileType = sourcecode.c.objc; name = AutoLayout.m; path = "core-data-hotel/AutoLayout.m"; sourceTree = "<group>"; };
		83918AA01EAFBC7500593150 /* DatePickerViewController.h */ = {isa = PBXFileReference; fileEncoding = 4; lastKnownFileType = sourcecode.c.h; name = DatePickerViewController.h; path = "core-data-hotel/DatePickerViewController.h"; sourceTree = "<group>"; };
		83918AA11EAFBC7500593150 /* DatePickerViewController.m */ = {isa = PBXFileReference; fileEncoding = 4; lastKnownFileType = sourcecode.c.objc; name = DatePickerViewController.m; path = "core-data-hotel/DatePickerViewController.m"; sourceTree = "<group>"; };
		83918AA31EAFCF9B00593150 /* AvailabilityViewController.h */ = {isa = PBXFileReference; fileEncoding = 4; lastKnownFileType = sourcecode.c.h; name = AvailabilityViewController.h; path = "core-data-hotel/AvailabilityViewController.h"; sourceTree = "<group>"; };
		83918AA41EAFCF9B00593150 /* AvailabilityViewController.m */ = {isa = PBXFileReference; fileEncoding = 4; lastKnownFileType = sourcecode.c.objc; name = AvailabilityViewController.m; path = "core-data-hotel/AvailabilityViewController.m"; sourceTree = "<group>"; };
		83918AA61EAFF7FA00593150 /* BookViewController.h */ = {isa = PBXFileReference; fileEncoding = 4; lastKnownFileType = sourcecode.c.h; name = BookViewController.h; path = "core-data-hotel/BookViewController.h"; sourceTree = "<group>"; };
		83918AA71EAFF7FA00593150 /* BookViewController.m */ = {isa = PBXFileReference; fileEncoding = 4; lastKnownFileType = sourcecode.c.objc; name = BookViewController.m; path = "core-data-hotel/BookViewController.m"; sourceTree = "<group>"; };
		83918AAD1EB111D100593150 /* core-data-hotelTests.xctest */ = {isa = PBXFileReference; explicitFileType = wrapper.cfbundle; includeInIndex = 0; path = "core-data-hotelTests.xctest"; sourceTree = BUILT_PRODUCTS_DIR; };
		83918AB11EB111D100593150 /* Info.plist */ = {isa = PBXFileReference; lastKnownFileType = text.plist.xml; path = Info.plist; sourceTree = "<group>"; };
		83918AB71EB1146000593150 /* AutoLayoutTest.m */ = {isa = PBXFileReference; fileEncoding = 4; lastKnownFileType = sourcecode.c.objc; path = AutoLayoutTest.m; sourceTree = "<group>"; };
		83C2A9DC1EAE5ED500CCADAF /* core-data-hotel.app */ = {isa = PBXFileReference; explicitFileType = wrapper.application; includeInIndex = 0; path = "core-data-hotel.app"; sourceTree = BUILT_PRODUCTS_DIR; };
		83C2A9E21EAE5ED500CCADAF /* AppDelegate.h */ = {isa = PBXFileReference; lastKnownFileType = sourcecode.c.h; path = AppDelegate.h; sourceTree = "<group>"; };
		83C2A9E31EAE5ED500CCADAF /* AppDelegate.m */ = {isa = PBXFileReference; lastKnownFileType = sourcecode.c.objc; path = AppDelegate.m; sourceTree = "<group>"; };
		83C2A9E51EAE5ED500CCADAF /* ViewController.h */ = {isa = PBXFileReference; lastKnownFileType = sourcecode.c.h; name = ViewController.h; path = "core-data-hotel/ViewController.h"; sourceTree = "<group>"; };
		83C2A9E61EAE5ED600CCADAF /* ViewController.m */ = {isa = PBXFileReference; lastKnownFileType = sourcecode.c.objc; name = ViewController.m; path = "core-data-hotel/ViewController.m"; sourceTree = "<group>"; };
		83C2A9EC1EAE5ED600CCADAF /* core_data_hotel.xcdatamodel */ = {isa = PBXFileReference; lastKnownFileType = wrapper.xcdatamodel; path = core_data_hotel.xcdatamodel; sourceTree = "<group>"; };
		83C2A9EE1EAE5ED600CCADAF /* Assets.xcassets */ = {isa = PBXFileReference; lastKnownFileType = folder.assetcatalog; path = Assets.xcassets; sourceTree = "<group>"; };
		83C2A9F31EAE5ED600CCADAF /* Info.plist */ = {isa = PBXFileReference; lastKnownFileType = text.plist.xml; path = Info.plist; sourceTree = "<group>"; };
		83C2AA001EAE951B00CCADAF /* hotel.png */ = {isa = PBXFileReference; lastKnownFileType = image.png; path = hotel.png; sourceTree = "<group>"; };
		83C2AA011EAE951B00CCADAF /* hotels.json */ = {isa = PBXFileReference; fileEncoding = 4; lastKnownFileType = text.json; path = hotels.json; sourceTree = "<group>"; };
		83C2AA021EAE951B00CCADAF /* room.png */ = {isa = PBXFileReference; lastKnownFileType = image.png; path = room.png; sourceTree = "<group>"; };
		83DC05981EB15C170028996F /* LookUpReservationController.h */ = {isa = PBXFileReference; fileEncoding = 4; lastKnownFileType = sourcecode.c.h; name = LookUpReservationController.h; path = "core-data-hotel/LookUpReservationController.h"; sourceTree = "<group>"; };
		83DC05991EB15C170028996F /* LookUpReservationController.m */ = {isa = PBXFileReference; fileEncoding = 4; lastKnownFileType = sourcecode.c.objc; name = LookUpReservationController.m; path = "core-data-hotel/LookUpReservationController.m"; sourceTree = "<group>"; };
		83DC3FAA1EAEC0F100A60CB2 /* RoomsViewController.h */ = {isa = PBXFileReference; fileEncoding = 4; lastKnownFileType = sourcecode.c.h; name = RoomsViewController.h; path = "core-data-hotel/RoomsViewController.h"; sourceTree = "<group>"; };
		83DC3FAB1EAEC0F100A60CB2 /* RoomsViewController.m */ = {isa = PBXFileReference; fileEncoding = 4; lastKnownFileType = sourcecode.c.objc; name = RoomsViewController.m; path = "core-data-hotel/RoomsViewController.m"; sourceTree = "<group>"; };
/* End PBXFileReference section */

/* Begin PBXFrameworksBuildPhase section */
		83918AAA1EB111D100593150 /* Frameworks */ = {
			isa = PBXFrameworksBuildPhase;
			buildActionMask = 2147483647;
			files = (
			);
			runOnlyForDeploymentPostprocessing = 0;
		};
		83C2A9D91EAE5ED500CCADAF /* Frameworks */ = {
			isa = PBXFrameworksBuildPhase;
			buildActionMask = 2147483647;
			files = (
			);
			runOnlyForDeploymentPostprocessing = 0;
		};
/* End PBXFrameworksBuildPhase section */

/* Begin PBXGroup section */
		83918AAE1EB111D100593150 /* core-data-hotelTests */ = {
			isa = PBXGroup;
			children = (
				83918AB11EB111D100593150 /* Info.plist */,
				83918AB71EB1146000593150 /* AutoLayoutTest.m */,
			);
			path = "core-data-hotelTests";
			sourceTree = "<group>";
		};
		83C2A9D31EAE5ED500CCADAF = {
			isa = PBXGroup;
			children = (
				83C2A9DE1EAE5ED500CCADAF /* core-data-hotel */,
				83918AAE1EB111D100593150 /* core-data-hotelTests */,
				83C2A9DD1EAE5ED500CCADAF /* Products */,
			);
			sourceTree = "<group>";
		};
		83C2A9DD1EAE5ED500CCADAF /* Products */ = {
			isa = PBXGroup;
			children = (
				83C2A9DC1EAE5ED500CCADAF /* core-data-hotel.app */,
				83918AAD1EB111D100593150 /* core-data-hotelTests.xctest */,
			);
			name = Products;
			sourceTree = "<group>";
		};
		83C2A9DE1EAE5ED500CCADAF /* core-data-hotel */ = {
			isa = PBXGroup;
			children = (
				83C2A9FC1EAE5F5000CCADAF /* Model */,
				83C2A9FB1EAE5F4C00CCADAF /* View */,
				83C2A9FA1EAE5F4900CCADAF /* Controller */,
				83C2A9DF1EAE5ED500CCADAF /* Supporting Files */,
			);
			path = "core-data-hotel";
			sourceTree = "<group>";
		};
		83C2A9DF1EAE5ED500CCADAF /* Supporting Files */ = {
			isa = PBXGroup;
			children = (
				83480AA71EAEAC1A004392EF /* main.m */,
				83C2AA001EAE951B00CCADAF /* hotel.png */,
				83C2AA011EAE951B00CCADAF /* hotels.json */,
				83C2AA021EAE951B00CCADAF /* room.png */,
				83C2A9EB1EAE5ED600CCADAF /* core_data_hotel.xcdatamodeld */,
				83C2A9EE1EAE5ED600CCADAF /* Assets.xcassets */,
				83C2A9F31EAE5ED600CCADAF /* Info.plist */,
				83C2A9E31EAE5ED500CCADAF /* AppDelegate.m */,
				83C2A9E21EAE5ED500CCADAF /* AppDelegate.h */,
			);
			name = "Supporting Files";
			sourceTree = "<group>";
		};
		83C2A9FA1EAE5F4900CCADAF /* Controller */ = {
			isa = PBXGroup;
			children = (
				83C2A9E51EAE5ED500CCADAF /* ViewController.h */,
				83C2A9E61EAE5ED600CCADAF /* ViewController.m */,
				83918AA01EAFBC7500593150 /* DatePickerViewController.h */,
				83918AA11EAFBC7500593150 /* DatePickerViewController.m */,
				83480A981EAEA495004392EF /* HotelsViewController.h */,
				83480A991EAEA495004392EF /* HotelsViewController.m */,
				83DC3FAA1EAEC0F100A60CB2 /* RoomsViewController.h */,
				83DC3FAB1EAEC0F100A60CB2 /* RoomsViewController.m */,
				83918AA31EAFCF9B00593150 /* AvailabilityViewController.h */,
				83918AA41EAFCF9B00593150 /* AvailabilityViewController.m */,
				83918AA61EAFF7FA00593150 /* BookViewController.h */,
				83918AA71EAFF7FA00593150 /* BookViewController.m */,
				83DC05981EB15C170028996F /* LookUpReservationController.h */,
				83DC05991EB15C170028996F /* LookUpReservationController.m */,
			);
			name = Controller;
			path = ..;
			sourceTree = "<group>";
		};
		83C2A9FB1EAE5F4C00CCADAF /* View */ = {
			isa = PBXGroup;
			children = (
			);
			name = View;
			path = ..;
			sourceTree = "<group>";
		};
		83C2A9FC1EAE5F5000CCADAF /* Model */ = {
			isa = PBXGroup;
			children = (
				8368FF6A1EAEA2090019509C /* AutoLayout.h */,
				8368FF6B1EAEA2090019509C /* AutoLayout.m */,
			);
			name = Model;
			path = ..;
			sourceTree = "<group>";
		};
/* End PBXGroup section */

/* Begin PBXNativeTarget section */
		83918AAC1EB111D100593150 /* core-data-hotelTests */ = {
			isa = PBXNativeTarget;
			buildConfigurationList = 83918AB61EB111D100593150 /* Build configuration list for PBXNativeTarget "core-data-hotelTests" */;
			buildPhases = (
				83918AA91EB111D100593150 /* Sources */,
				83918AAA1EB111D100593150 /* Frameworks */,
				83918AAB1EB111D100593150 /* Resources */,
			);
			buildRules = (
			);
			dependencies = (
				83918AB31EB111D100593150 /* PBXTargetDependency */,
			);
			name = "core-data-hotelTests";
			productName = "core-data-hotelTests";
			productReference = 83918AAD1EB111D100593150 /* core-data-hotelTests.xctest */;
			productType = "com.apple.product-type.bundle.unit-test";
		};
		83C2A9DB1EAE5ED500CCADAF /* core-data-hotel */ = {
			isa = PBXNativeTarget;
			buildConfigurationList = 83C2A9F61EAE5ED600CCADAF /* Build configuration list for PBXNativeTarget "core-data-hotel" */;
			buildPhases = (
				83C2A9D81EAE5ED500CCADAF /* Sources */,
				83C2A9D91EAE5ED500CCADAF /* Frameworks */,
				83C2A9DA1EAE5ED500CCADAF /* Resources */,
			);
			buildRules = (
			);
			dependencies = (
			);
			name = "core-data-hotel";
			productName = "core-data-hotel";
			productReference = 83C2A9DC1EAE5ED500CCADAF /* core-data-hotel.app */;
			productType = "com.apple.product-type.application";
		};
/* End PBXNativeTarget section */

/* Begin PBXProject section */
		83C2A9D41EAE5ED500CCADAF /* Project object */ = {
			isa = PBXProject;
			attributes = {
				LastUpgradeCheck = 0830;
				ORGANIZATIONNAME = "Mike Miksch";
				TargetAttributes = {
					83918AAC1EB111D100593150 = {
						CreatedOnToolsVersion = 8.3.1;
						DevelopmentTeam = HDU39LZWX7;
						ProvisioningStyle = Automatic;
						TestTargetID = 83C2A9DB1EAE5ED500CCADAF;
					};
					83C2A9DB1EAE5ED500CCADAF = {
						CreatedOnToolsVersion = 8.3.1;
						DevelopmentTeam = HDU39LZWX7;
						ProvisioningStyle = Automatic;
					};
				};
			};
			buildConfigurationList = 83C2A9D71EAE5ED500CCADAF /* Build configuration list for PBXProject "core-data-hotel" */;
			compatibilityVersion = "Xcode 3.2";
			developmentRegion = English;
			hasScannedForEncodings = 0;
			knownRegions = (
				en,
				Base,
			);
			mainGroup = 83C2A9D31EAE5ED500CCADAF;
			productRefGroup = 83C2A9DD1EAE5ED500CCADAF /* Products */;
			projectDirPath = "";
			projectRoot = "";
			targets = (
				83C2A9DB1EAE5ED500CCADAF /* core-data-hotel */,
				83918AAC1EB111D100593150 /* core-data-hotelTests */,
			);
		};
/* End PBXProject section */

/* Begin PBXResourcesBuildPhase section */
		83918AAB1EB111D100593150 /* Resources */ = {
			isa = PBXResourcesBuildPhase;
			buildActionMask = 2147483647;
			files = (
			);
			runOnlyForDeploymentPostprocessing = 0;
		};
		83C2A9DA1EAE5ED500CCADAF /* Resources */ = {
			isa = PBXResourcesBuildPhase;
			buildActionMask = 2147483647;
			files = (
				83C2AA051EAE951B00CCADAF /* room.png in Resources */,
				83C2AA041EAE951B00CCADAF /* hotels.json in Resources */,
				83C2AA031EAE951B00CCADAF /* hotel.png in Resources */,
				83C2A9EF1EAE5ED600CCADAF /* Assets.xcassets in Resources */,
			);
			runOnlyForDeploymentPostprocessing = 0;
		};
/* End PBXResourcesBuildPhase section */

/* Begin PBXSourcesBuildPhase section */
		83918AA91EB111D100593150 /* Sources */ = {
			isa = PBXSourcesBuildPhase;
			buildActionMask = 2147483647;
			files = (
				83918AB81EB1146000593150 /* AutoLayoutTest.m in Sources */,
			);
			runOnlyForDeploymentPostprocessing = 0;
		};
		83C2A9D81EAE5ED500CCADAF /* Sources */ = {
			isa = PBXSourcesBuildPhase;
			buildActionMask = 2147483647;
			files = (
				83918AA21EAFBC7500593150 /* DatePickerViewController.m in Sources */,
				83C2A9E71EAE5ED600CCADAF /* ViewController.m in Sources */,
				83480A9A1EAEA495004392EF /* HotelsViewController.m in Sources */,
				83DC059A1EB15C170028996F /* LookUpReservationController.m in Sources */,
				83C2A9ED1EAE5ED600CCADAF /* core_data_hotel.xcdatamodeld in Sources */,
				83918AA51EAFCF9B00593150 /* AvailabilityViewController.m in Sources */,
				83918AA81EAFF7FA00593150 /* BookViewController.m in Sources */,
				83C2A9E41EAE5ED500CCADAF /* AppDelegate.m in Sources */,
				83DC3FAC1EAEC0F200A60CB2 /* RoomsViewController.m in Sources */,
				83480AA81EAEAC1A004392EF /* main.m in Sources */,
				8368FF6C1EAEA2090019509C /* AutoLayout.m in Sources */,
			);
			runOnlyForDeploymentPostprocessing = 0;
		};
/* End PBXSourcesBuildPhase section */

/* Begin PBXTargetDependency section */
		83918AB31EB111D100593150 /* PBXTargetDependency */ = {
			isa = PBXTargetDependency;
			target = 83C2A9DB1EAE5ED500CCADAF /* core-data-hotel */;
			targetProxy = 83918AB21EB111D100593150 /* PBXContainerItemProxy */;
		};
/* End PBXTargetDependency section */

/* Begin XCBuildConfiguration section */
		83918AB41EB111D100593150 /* Debug */ = {
			isa = XCBuildConfiguration;
			buildSettings = {
				BUNDLE_LOADER = "$(TEST_HOST)";
				DEVELOPMENT_TEAM = HDU39LZWX7;
				INFOPLIST_FILE = "core-data-hotelTests/Info.plist";
				LD_RUNPATH_SEARCH_PATHS = "$(inherited) @executable_path/Frameworks @loader_path/Frameworks";
				PRODUCT_BUNDLE_IDENTIFIER = "com.mikemiksch.core-data-hotelTests";
				PRODUCT_NAME = "$(TARGET_NAME)";
				TEST_HOST = "$(BUILT_PRODUCTS_DIR)/core-data-hotel.app/core-data-hotel";
			};
			name = Debug;
		};
		83918AB51EB111D100593150 /* Release */ = {
			isa = XCBuildConfiguration;
			buildSettings = {
				BUNDLE_LOADER = "$(TEST_HOST)";
				DEVELOPMENT_TEAM = HDU39LZWX7;
				INFOPLIST_FILE = "core-data-hotelTests/Info.plist";
				LD_RUNPATH_SEARCH_PATHS = "$(inherited) @executable_path/Frameworks @loader_path/Frameworks";
				PRODUCT_BUNDLE_IDENTIFIER = "com.mikemiksch.core-data-hotelTests";
				PRODUCT_NAME = "$(TARGET_NAME)";
				TEST_HOST = "$(BUILT_PRODUCTS_DIR)/core-data-hotel.app/core-data-hotel";
			};
			name = Release;
		};
		83C2A9F41EAE5ED600CCADAF /* Debug */ = {
			isa = XCBuildConfiguration;
			buildSettings = {
				ALWAYS_SEARCH_USER_PATHS = NO;
				CLANG_ANALYZER_NONNULL = YES;
				CLANG_ANALYZER_NUMBER_OBJECT_CONVERSION = YES_AGGRESSIVE;
				CLANG_CXX_LANGUAGE_STANDARD = "gnu++0x";
				CLANG_CXX_LIBRARY = "libc++";
				CLANG_ENABLE_MODULES = YES;
				CLANG_ENABLE_OBJC_ARC = YES;
				CLANG_WARN_BOOL_CONVERSION = YES;
				CLANG_WARN_CONSTANT_CONVERSION = YES;
				CLANG_WARN_DIRECT_OBJC_ISA_USAGE = YES_ERROR;
				CLANG_WARN_DOCUMENTATION_COMMENTS = YES;
				CLANG_WARN_EMPTY_BODY = YES;
				CLANG_WARN_ENUM_CONVERSION = YES;
				CLANG_WARN_INFINITE_RECURSION = YES;
				CLANG_WARN_INT_CONVERSION = YES;
				CLANG_WARN_OBJC_ROOT_CLASS = YES_ERROR;
				CLANG_WARN_SUSPICIOUS_MOVE = YES;
				CLANG_WARN_UNREACHABLE_CODE = YES;
				CLANG_WARN__DUPLICATE_METHOD_MATCH = YES;
				"CODE_SIGN_IDENTITY[sdk=iphoneos*]" = "iPhone Developer";
				COPY_PHASE_STRIP = NO;
				DEBUG_INFORMATION_FORMAT = dwarf;
				ENABLE_STRICT_OBJC_MSGSEND = YES;
				ENABLE_TESTABILITY = YES;
				GCC_C_LANGUAGE_STANDARD = gnu99;
				GCC_DYNAMIC_NO_PIC = NO;
				GCC_NO_COMMON_BLOCKS = YES;
				GCC_OPTIMIZATION_LEVEL = 0;
				GCC_PREPROCESSOR_DEFINITIONS = (
					"DEBUG=1",
					"$(inherited)",
				);
				GCC_WARN_64_TO_32_BIT_CONVERSION = YES;
				GCC_WARN_ABOUT_RETURN_TYPE = YES_ERROR;
				GCC_WARN_UNDECLARED_SELECTOR = YES;
				GCC_WARN_UNINITIALIZED_AUTOS = YES_AGGRESSIVE;
				GCC_WARN_UNUSED_FUNCTION = YES;
				GCC_WARN_UNUSED_VARIABLE = YES;
				IPHONEOS_DEPLOYMENT_TARGET = 10.3;
				MTL_ENABLE_DEBUG_INFO = YES;
				ONLY_ACTIVE_ARCH = YES;
				SDKROOT = iphoneos;
				TARGETED_DEVICE_FAMILY = "1,2";
			};
			name = Debug;
		};
		83C2A9F51EAE5ED600CCADAF /* Release */ = {
			isa = XCBuildConfiguration;
			buildSettings = {
				ALWAYS_SEARCH_USER_PATHS = NO;
				CLANG_ANALYZER_NONNULL = YES;
				CLANG_ANALYZER_NUMBER_OBJECT_CONVERSION = YES_AGGRESSIVE;
				CLANG_CXX_LANGUAGE_STANDARD = "gnu++0x";
				CLANG_CXX_LIBRARY = "libc++";
				CLANG_ENABLE_MODULES = YES;
				CLANG_ENABLE_OBJC_ARC = YES;
				CLANG_WARN_BOOL_CONVERSION = YES;
				CLANG_WARN_CONSTANT_CONVERSION = YES;
				CLANG_WARN_DIRECT_OBJC_ISA_USAGE = YES_ERROR;
				CLANG_WARN_DOCUMENTATION_COMMENTS = YES;
				CLANG_WARN_EMPTY_BODY = YES;
				CLANG_WARN_ENUM_CONVERSION = YES;
				CLANG_WARN_INFINITE_RECURSION = YES;
				CLANG_WARN_INT_CONVERSION = YES;
				CLANG_WARN_OBJC_ROOT_CLASS = YES_ERROR;
				CLANG_WARN_SUSPICIOUS_MOVE = YES;
				CLANG_WARN_UNREACHABLE_CODE = YES;
				CLANG_WARN__DUPLICATE_METHOD_MATCH = YES;
				"CODE_SIGN_IDENTITY[sdk=iphoneos*]" = "iPhone Developer";
				COPY_PHASE_STRIP = NO;
				DEBUG_INFORMATION_FORMAT = "dwarf-with-dsym";
				ENABLE_NS_ASSERTIONS = NO;
				ENABLE_STRICT_OBJC_MSGSEND = YES;
				GCC_C_LANGUAGE_STANDARD = gnu99;
				GCC_NO_COMMON_BLOCKS = YES;
				GCC_WARN_64_TO_32_BIT_CONVERSION = YES;
				GCC_WARN_ABOUT_RETURN_TYPE = YES_ERROR;
				GCC_WARN_UNDECLARED_SELECTOR = YES;
				GCC_WARN_UNINITIALIZED_AUTOS = YES_AGGRESSIVE;
				GCC_WARN_UNUSED_FUNCTION = YES;
				GCC_WARN_UNUSED_VARIABLE = YES;
				IPHONEOS_DEPLOYMENT_TARGET = 10.3;
				MTL_ENABLE_DEBUG_INFO = NO;
				SDKROOT = iphoneos;
				TARGETED_DEVICE_FAMILY = "1,2";
				VALIDATE_PRODUCT = YES;
			};
			name = Release;
		};
		83C2A9F71EAE5ED600CCADAF /* Debug */ = {
			isa = XCBuildConfiguration;
			buildSettings = {
				ASSETCATALOG_COMPILER_APPICON_NAME = AppIcon;
				DEVELOPMENT_TEAM = HDU39LZWX7;
				INFOPLIST_FILE = "core-data-hotel/Info.plist";
				LD_RUNPATH_SEARCH_PATHS = "$(inherited) @executable_path/Frameworks";
				PRODUCT_BUNDLE_IDENTIFIER = "com.mikemiksch.core-data-hotel";
				PRODUCT_NAME = "$(TARGET_NAME)";
			};
			name = Debug;
		};
		83C2A9F81EAE5ED600CCADAF /* Release */ = {
			isa = XCBuildConfiguration;
			buildSettings = {
				ASSETCATALOG_COMPILER_APPICON_NAME = AppIcon;
				DEVELOPMENT_TEAM = HDU39LZWX7;
				INFOPLIST_FILE = "core-data-hotel/Info.plist";
				LD_RUNPATH_SEARCH_PATHS = "$(inherited) @executable_path/Frameworks";
				PRODUCT_BUNDLE_IDENTIFIER = "com.mikemiksch.core-data-hotel";
				PRODUCT_NAME = "$(TARGET_NAME)";
			};
			name = Release;
		};
/* End XCBuildConfiguration section */

/* Begin XCConfigurationList section */
		83918AB61EB111D100593150 /* Build configuration list for PBXNativeTarget "core-data-hotelTests" */ = {
			isa = XCConfigurationList;
			buildConfigurations = (
				83918AB41EB111D100593150 /* Debug */,
				83918AB51EB111D100593150 /* Release */,
			);
			defaultConfigurationIsVisible = 0;
			defaultConfigurationName = Release;
		};
		83C2A9D71EAE5ED500CCADAF /* Build configuration list for PBXProject "core-data-hotel" */ = {
			isa = XCConfigurationList;
			buildConfigurations = (
				83C2A9F41EAE5ED600CCADAF /* Debug */,
				83C2A9F51EAE5ED600CCADAF /* Release */,
			);
			defaultConfigurationIsVisible = 0;
			defaultConfigurationName = Release;
		};
		83C2A9F61EAE5ED600CCADAF /* Build configuration list for PBXNativeTarget "core-data-hotel" */ = {
			isa = XCConfigurationList;
			buildConfigurations = (
				83C2A9F71EAE5ED600CCADAF /* Debug */,
				83C2A9F81EAE5ED600CCADAF /* Release */,
			);
			defaultConfigurationIsVisible = 0;
			defaultConfigurationName = Release;
		};
/* End XCConfigurationList section */

/* Begin XCVersionGroup section */
		83C2A9EB1EAE5ED600CCADAF /* core_data_hotel.xcdatamodeld */ = {
			isa = XCVersionGroup;
			children = (
				83C2A9EC1EAE5ED600CCADAF /* core_data_hotel.xcdatamodel */,
			);
			currentVersion = 83C2A9EC1EAE5ED600CCADAF /* core_data_hotel.xcdatamodel */;
			path = core_data_hotel.xcdatamodeld;
			sourceTree = "<group>";
			versionGroupType = wrapper.xcdatamodel;
		};
/* End XCVersionGroup section */
	};
	rootObject = 83C2A9D41EAE5ED500CCADAF /* Project object */;
}
